
Microsoft Visual Studio Solution File, Format Version 12.00
# Visual Studio Version 16
VisualStudioVersion = 16.0.31729.503
MinimumVisualStudioVersion = 10.0.40219.1
Project("{888888A0-9F3D-457C-B088-3A5042F75D52}") = "image_gen_python", "image_gen_python.pyproj", "{E168F28D-8C37-4F16-9220-1610233F1DCE}"
EndProject
Global
	GlobalSection(SolutionConfigurationPlatforms) = preSolution
		Debug|Any CPU = Debug|Any CPU
		Release|Any CPU = Release|Any CPU
	EndGlobalSection
	GlobalSection(ProjectConfigurationPlatforms) = postSolution
		{E168F28D-8C37-4F16-9220-1610233F1DCE}.Debug|Any CPU.ActiveCfg = Release|Any CPU
		{E168F28D-8C37-4F16-9220-1610233F1DCE}.Release|Any CPU.ActiveCfg = Release|Any CPU
	EndGlobalSection
	GlobalSection(SolutionProperties) = preSolution
		HideSolutionNode = FALSE
	EndGlobalSection
	GlobalSection(ExtensibilityGlobals) = postSolution
		SolutionGuid = {073C77E1-D5F9-40DD-89C9-7DC7160A9E84}
	EndGlobalSection
EndGlobal
